
Microsoft Visual Studio Solution File, Format Version 12.00
# Visual Studio Version 17
VisualStudioVersion = 17.11.35222.181
MinimumVisualStudioVersion = 10.0.40219.1
Project("{FAE04EC0-301F-11D3-BF4B-00C04F79EFBC}") = "FakePlatzi", "FakePlatzi\FakePlatzi.csproj", "{4632FA50-461B-4256-946C-669F1BFB4ED9}"
EndProject
Global
	GlobalSection(SolutionConfigurationPlatforms) = preSolution
		Debug|Any CPU = Debug|Any CPU
		Release|Any CPU = Release|Any CPU
	EndGlobalSection
	GlobalSection(ProjectConfigurationPlatforms) = postSolution
		{4632FA50-461B-4256-946C-669F1BFB4ED9}.Debug|Any CPU.ActiveCfg = Debug|Any CPU
		{4632FA50-461B-4256-946C-669F1BFB4ED9}.Debug|Any CPU.Build.0 = Debug|Any CPU
		{4632FA50-461B-4256-946C-669F1BFB4ED9}.Release|Any CPU.ActiveCfg = Release|Any CPU
		{4632FA50-461B-4256-946C-669F1BFB4ED9}.Release|Any CPU.Build.0 = Release|Any CPU
	EndGlobalSection
	GlobalSection(SolutionProperties) = preSolution
		HideSolutionNode = FALSE
	EndGlobalSection
	GlobalSection(ExtensibilityGlobals) = postSolution
		SolutionGuid = {37134175-5394-435F-AD44-7FEFE46D0D6D}
	EndGlobalSection
EndGlobal
